
Microsoft Visual Studio Solution File, Format Version 12.00
# Visual Studio Version 17
VisualStudioVersion = 17.6.33829.357
MinimumVisualStudioVersion = 10.0.40219.1
Project("{FAE04EC0-301F-11D3-BF4B-00C04F79EFBC}") = "VoiceTexterBot", "VoiceTexterBot\VoiceTexterBot.csproj", "{77012BAC-2AAD-4BF4-B9F6-9A91DD038CAF}"
EndProject
Global
	GlobalSection(SolutionConfigurationPlatforms) = preSolution
		Debug|Any CPU = Debug|Any CPU
		Release|Any CPU = Release|Any CPU
	EndGlobalSection
	GlobalSection(ProjectConfigurationPlatforms) = postSolution
		{77012BAC-2AAD-4BF4-B9F6-9A91DD038CAF}.Debug|Any CPU.ActiveCfg = Debug|Any CPU
		{77012BAC-2AAD-4BF4-B9F6-9A91DD038CAF}.Debug|Any CPU.Build.0 = Debug|Any CPU
		{77012BAC-2AAD-4BF4-B9F6-9A91DD038CAF}.Release|Any CPU.ActiveCfg = Release|Any CPU
		{77012BAC-2AAD-4BF4-B9F6-9A91DD038CAF}.Release|Any CPU.Build.0 = Release|Any CPU
	EndGlobalSection
	GlobalSection(SolutionProperties) = preSolution
		HideSolutionNode = FALSE
	EndGlobalSection
	GlobalSection(ExtensibilityGlobals) = postSolution
		SolutionGuid = {87AB7F0B-673B-41B8-9175-65171FD33BB9}
	EndGlobalSection
EndGlobal
